
Microsoft Visual Studio Solution File, Format Version 12.00
# Visual Studio Version 17
VisualStudioVersion = 17.4.33403.182
MinimumVisualStudioVersion = 10.0.40219.1
Project("{9A19103F-16F7-4668-BE54-9A1E7A4F7556}") = "IterativerServer", "IterativerServer\IterativerServer.csproj", "{B3C90ABC-E6AE-4796-9DEB-B54077460D2C}"
EndProject
Project("{9A19103F-16F7-4668-BE54-9A1E7A4F7556}") = "NebenlaeufigerServer", "NebenlaeufigerServer\NebenlaeufigerServer.csproj", "{F4C43218-6810-4BB7-9527-DA1E580F2569}"
EndProject
Global
	GlobalSection(SolutionConfigurationPlatforms) = preSolution
		Debug|Any CPU = Debug|Any CPU
		Release|Any CPU = Release|Any CPU
	EndGlobalSection
	GlobalSection(ProjectConfigurationPlatforms) = postSolution
		{B3C90ABC-E6AE-4796-9DEB-B54077460D2C}.Debug|Any CPU.ActiveCfg = Debug|Any CPU
		{B3C90ABC-E6AE-4796-9DEB-B54077460D2C}.Debug|Any CPU.Build.0 = Debug|Any CPU
		{B3C90ABC-E6AE-4796-9DEB-B54077460D2C}.Release|Any CPU.ActiveCfg = Release|Any CPU
		{B3C90ABC-E6AE-4796-9DEB-B54077460D2C}.Release|Any CPU.Build.0 = Release|Any CPU
		{F4C43218-6810-4BB7-9527-DA1E580F2569}.Debug|Any CPU.ActiveCfg = Debug|Any CPU
		{F4C43218-6810-4BB7-9527-DA1E580F2569}.Debug|Any CPU.Build.0 = Debug|Any CPU
		{F4C43218-6810-4BB7-9527-DA1E580F2569}.Release|Any CPU.ActiveCfg = Release|Any CPU
		{F4C43218-6810-4BB7-9527-DA1E580F2569}.Release|Any CPU.Build.0 = Release|Any CPU
	EndGlobalSection
	GlobalSection(SolutionProperties) = preSolution
		HideSolutionNode = FALSE
	EndGlobalSection
	GlobalSection(ExtensibilityGlobals) = postSolution
		SolutionGuid = {E7EA3F40-9716-4433-9904-2F6768980829}
	EndGlobalSection
EndGlobal
