
Microsoft Visual Studio Solution File, Format Version 12.00
# Visual Studio Version 17
VisualStudioVersion = 17.4.33403.182
MinimumVisualStudioVersion = 10.0.40219.1
Project("{9A19103F-16F7-4668-BE54-9A1E7A4F7556}") = "ThreadDemo1", "ThreadDemo1\ThreadDemo1.csproj", "{E3CEF0EF-6D06-4605-B92F-3A78D987C9F7}"
EndProject
Project("{9A19103F-16F7-4668-BE54-9A1E7A4F7556}") = "ThreadDemo2", "ThreadDemo2\ThreadDemo2.csproj", "{3830BCFC-E33A-4E8B-B7C3-30A2129AEC7A}"
EndProject
Project("{9A19103F-16F7-4668-BE54-9A1E7A4F7556}") = "ThreadDemo3", "ThreadDemo3\ThreadDemo3.csproj", "{21EDF842-2D2A-4BD1-8660-0545C09EED28}"
EndProject
Project("{9A19103F-16F7-4668-BE54-9A1E7A4F7556}") = "ThreadDemo4", "ThreadDemo4\ThreadDemo4.csproj", "{F756F800-33C2-40BA-8BF7-FC7D39A0791F}"
EndProject
Project("{9A19103F-16F7-4668-BE54-9A1E7A4F7556}") = "ThreadDemo5", "ThreadDemo5\ThreadDemo5.csproj", "{3151C724-8716-4331-ADCD-F3FB7A9941FD}"
EndProject
Project("{9A19103F-16F7-4668-BE54-9A1E7A4F7556}") = "ThreadDemo6", "ThreadDemo6\ThreadDemo6.csproj", "{C0142DC4-D60F-42DF-83CC-5F026C1EE99C}"
EndProject
Project("{9A19103F-16F7-4668-BE54-9A1E7A4F7556}") = "ThreadDemo7", "ThreadDemo7\ThreadDemo7.csproj", "{062779FF-D906-4D14-A56B-C43582D8D2A5}"
EndProject
Global
	GlobalSection(SolutionConfigurationPlatforms) = preSolution
		Debug|Any CPU = Debug|Any CPU
		Release|Any CPU = Release|Any CPU
	EndGlobalSection
	GlobalSection(ProjectConfigurationPlatforms) = postSolution
		{E3CEF0EF-6D06-4605-B92F-3A78D987C9F7}.Debug|Any CPU.ActiveCfg = Debug|Any CPU
		{E3CEF0EF-6D06-4605-B92F-3A78D987C9F7}.Debug|Any CPU.Build.0 = Debug|Any CPU
		{E3CEF0EF-6D06-4605-B92F-3A78D987C9F7}.Release|Any CPU.ActiveCfg = Release|Any CPU
		{E3CEF0EF-6D06-4605-B92F-3A78D987C9F7}.Release|Any CPU.Build.0 = Release|Any CPU
		{3830BCFC-E33A-4E8B-B7C3-30A2129AEC7A}.Debug|Any CPU.ActiveCfg = Debug|Any CPU
		{3830BCFC-E33A-4E8B-B7C3-30A2129AEC7A}.Debug|Any CPU.Build.0 = Debug|Any CPU
		{3830BCFC-E33A-4E8B-B7C3-30A2129AEC7A}.Release|Any CPU.ActiveCfg = Release|Any CPU
		{3830BCFC-E33A-4E8B-B7C3-30A2129AEC7A}.Release|Any CPU.Build.0 = Release|Any CPU
		{21EDF842-2D2A-4BD1-8660-0545C09EED28}.Debug|Any CPU.ActiveCfg = Debug|Any CPU
		{21EDF842-2D2A-4BD1-8660-0545C09EED28}.Debug|Any CPU.Build.0 = Debug|Any CPU
		{21EDF842-2D2A-4BD1-8660-0545C09EED28}.Release|Any CPU.ActiveCfg = Release|Any CPU
		{21EDF842-2D2A-4BD1-8660-0545C09EED28}.Release|Any CPU.Build.0 = Release|Any CPU
		{F756F800-33C2-40BA-8BF7-FC7D39A0791F}.Debug|Any CPU.ActiveCfg = Debug|Any CPU
		{F756F800-33C2-40BA-8BF7-FC7D39A0791F}.Debug|Any CPU.Build.0 = Debug|Any CPU
		{F756F800-33C2-40BA-8BF7-FC7D39A0791F}.Release|Any CPU.ActiveCfg = Release|Any CPU
		{F756F800-33C2-40BA-8BF7-FC7D39A0791F}.Release|Any CPU.Build.0 = Release|Any CPU
		{3151C724-8716-4331-ADCD-F3FB7A9941FD}.Debug|Any CPU.ActiveCfg = Debug|Any CPU
		{3151C724-8716-4331-ADCD-F3FB7A9941FD}.Debug|Any CPU.Build.0 = Debug|Any CPU
		{3151C724-8716-4331-ADCD-F3FB7A9941FD}.Release|Any CPU.ActiveCfg = Release|Any CPU
		{3151C724-8716-4331-ADCD-F3FB7A9941FD}.Release|Any CPU.Build.0 = Release|Any CPU
		{C0142DC4-D60F-42DF-83CC-5F026C1EE99C}.Debug|Any CPU.ActiveCfg = Debug|Any CPU
		{C0142DC4-D60F-42DF-83CC-5F026C1EE99C}.Debug|Any CPU.Build.0 = Debug|Any CPU
		{C0142DC4-D60F-42DF-83CC-5F026C1EE99C}.Release|Any CPU.ActiveCfg = Release|Any CPU
		{C0142DC4-D60F-42DF-83CC-5F026C1EE99C}.Release|Any CPU.Build.0 = Release|Any CPU
		{062779FF-D906-4D14-A56B-C43582D8D2A5}.Debug|Any CPU.ActiveCfg = Debug|Any CPU
		{062779FF-D906-4D14-A56B-C43582D8D2A5}.Debug|Any CPU.Build.0 = Debug|Any CPU
		{062779FF-D906-4D14-A56B-C43582D8D2A5}.Release|Any CPU.ActiveCfg = Release|Any CPU
		{062779FF-D906-4D14-A56B-C43582D8D2A5}.Release|Any CPU.Build.0 = Release|Any CPU
	EndGlobalSection
	GlobalSection(SolutionProperties) = preSolution
		HideSolutionNode = FALSE
	EndGlobalSection
	GlobalSection(ExtensibilityGlobals) = postSolution
		SolutionGuid = {1190F280-02AE-4E79-B072-51F5A0EE5FB7}
	EndGlobalSection
EndGlobal
