
Microsoft Visual Studio Solution File, Format Version 12.00
# Visual Studio Version 17
VisualStudioVersion = 17.4.33403.182
MinimumVisualStudioVersion = 10.0.40219.1
Project("{9A19103F-16F7-4668-BE54-9A1E7A4F7556}") = "PortScan", "PortScan\PortScan.csproj", "{F5074371-1E16-46F2-9BEF-F192C74C9F77}"
EndProject
Project("{9A19103F-16F7-4668-BE54-9A1E7A4F7556}") = "SimpleDayTimeServer", "SimpleDayTimeServer\SimpleDayTimeServer.csproj", "{C1DA0CA5-199F-4B1A-A02E-EA150D55022D}"
EndProject
Project("{9A19103F-16F7-4668-BE54-9A1E7A4F7556}") = "SimpleHttpServer", "SimpleHttpServer\SimpleHttpServer.csproj", "{19A88954-E6D5-4C43-8196-C5CE62C7C0E8}"
EndProject
Global
	GlobalSection(SolutionConfigurationPlatforms) = preSolution
		Debug|Any CPU = Debug|Any CPU
		Release|Any CPU = Release|Any CPU
	EndGlobalSection
	GlobalSection(ProjectConfigurationPlatforms) = postSolution
		{F5074371-1E16-46F2-9BEF-F192C74C9F77}.Debug|Any CPU.ActiveCfg = Debug|Any CPU
		{F5074371-1E16-46F2-9BEF-F192C74C9F77}.Debug|Any CPU.Build.0 = Debug|Any CPU
		{F5074371-1E16-46F2-9BEF-F192C74C9F77}.Release|Any CPU.ActiveCfg = Release|Any CPU
		{F5074371-1E16-46F2-9BEF-F192C74C9F77}.Release|Any CPU.Build.0 = Release|Any CPU
		{C1DA0CA5-199F-4B1A-A02E-EA150D55022D}.Debug|Any CPU.ActiveCfg = Debug|Any CPU
		{C1DA0CA5-199F-4B1A-A02E-EA150D55022D}.Debug|Any CPU.Build.0 = Debug|Any CPU
		{C1DA0CA5-199F-4B1A-A02E-EA150D55022D}.Release|Any CPU.ActiveCfg = Release|Any CPU
		{C1DA0CA5-199F-4B1A-A02E-EA150D55022D}.Release|Any CPU.Build.0 = Release|Any CPU
		{19A88954-E6D5-4C43-8196-C5CE62C7C0E8}.Debug|Any CPU.ActiveCfg = Debug|Any CPU
		{19A88954-E6D5-4C43-8196-C5CE62C7C0E8}.Debug|Any CPU.Build.0 = Debug|Any CPU
		{19A88954-E6D5-4C43-8196-C5CE62C7C0E8}.Release|Any CPU.ActiveCfg = Release|Any CPU
		{19A88954-E6D5-4C43-8196-C5CE62C7C0E8}.Release|Any CPU.Build.0 = Release|Any CPU
	EndGlobalSection
	GlobalSection(SolutionProperties) = preSolution
		HideSolutionNode = FALSE
	EndGlobalSection
	GlobalSection(ExtensibilityGlobals) = postSolution
		SolutionGuid = {33ED56E3-36A1-4F96-8E7D-6C0A77670186}
	EndGlobalSection
EndGlobal
